
Microsoft Visual Studio Solution File, Format Version 12.00
# Visual Studio 14
VisualStudioVersion = 14.0.24720.0
MinimumVisualStudioVersion = 10.0.40219.1
Project("{FAE04EC0-301F-11D3-BF4B-00C04F79EFBC}") = "HESOYAM_Production", "HESOYAM_Production\HESOYAM_Production.csproj", "{D87BE68A-DED9-49DA-90BD-4EB4201A488D}"
EndProject
Project("{FAE04EC0-301F-11D3-BF4B-00C04F79EFBC}") = "AnimationPipeline", "AnimationPipeline\AnimationPipeline.csproj", "{501C8626-471E-41DB-969D-BA65604B36B1}"
EndProject
Global
	GlobalSection(SolutionConfigurationPlatforms) = preSolution
		Debug|Any CPU = Debug|Any CPU
		Debug|x86 = Debug|x86
		Release|Any CPU = Release|Any CPU
		Release|x86 = Release|x86
	EndGlobalSection
	GlobalSection(ProjectConfigurationPlatforms) = postSolution
		{D87BE68A-DED9-49DA-90BD-4EB4201A488D}.Debug|Any CPU.ActiveCfg = Debug|x86
		{D87BE68A-DED9-49DA-90BD-4EB4201A488D}.Debug|Any CPU.Build.0 = Debug|x86
		{D87BE68A-DED9-49DA-90BD-4EB4201A488D}.Debug|Any CPU.Deploy.0 = Debug|x86
		{D87BE68A-DED9-49DA-90BD-4EB4201A488D}.Debug|x86.ActiveCfg = Debug|x86
		{D87BE68A-DED9-49DA-90BD-4EB4201A488D}.Debug|x86.Build.0 = Debug|x86
		{D87BE68A-DED9-49DA-90BD-4EB4201A488D}.Release|Any CPU.ActiveCfg = Release|x86
		{D87BE68A-DED9-49DA-90BD-4EB4201A488D}.Release|x86.ActiveCfg = Release|x86
		{D87BE68A-DED9-49DA-90BD-4EB4201A488D}.Release|x86.Build.0 = Release|x86
		{501C8626-471E-41DB-969D-BA65604B36B1}.Debug|Any CPU.ActiveCfg = Debug|Any CPU
		{501C8626-471E-41DB-969D-BA65604B36B1}.Debug|Any CPU.Build.0 = Debug|Any CPU
		{501C8626-471E-41DB-969D-BA65604B36B1}.Debug|x86.ActiveCfg = Debug|Any CPU
		{501C8626-471E-41DB-969D-BA65604B36B1}.Debug|x86.Build.0 = Debug|Any CPU
		{501C8626-471E-41DB-969D-BA65604B36B1}.Release|Any CPU.ActiveCfg = Release|Any CPU
		{501C8626-471E-41DB-969D-BA65604B36B1}.Release|Any CPU.Build.0 = Release|Any CPU
		{501C8626-471E-41DB-969D-BA65604B36B1}.Release|x86.ActiveCfg = Release|Any CPU
		{501C8626-471E-41DB-969D-BA65604B36B1}.Release|x86.Build.0 = Release|Any CPU
	EndGlobalSection
	GlobalSection(SolutionProperties) = preSolution
		HideSolutionNode = FALSE
	EndGlobalSection
EndGlobal
