
Microsoft Visual Studio Solution File, Format Version 12.00
# Visual Studio 2012
Project("{FAE04EC0-301F-11D3-BF4B-00C04F79EFBC}") = "HESOYAM_Production", "HESOYAM_Production\HESOYAM_Production.csproj", "{DE1263FE-0738-4562-810A-4360C696A171}"
EndProject
Global
	GlobalSection(SolutionConfigurationPlatforms) = preSolution
		Debug|x86 = Debug|x86
		Release|x86 = Release|x86
	EndGlobalSection
	GlobalSection(ProjectConfigurationPlatforms) = postSolution
		{DE1263FE-0738-4562-810A-4360C696A171}.Debug|x86.ActiveCfg = Debug|x86
		{DE1263FE-0738-4562-810A-4360C696A171}.Debug|x86.Build.0 = Debug|x86
		{DE1263FE-0738-4562-810A-4360C696A171}.Release|x86.ActiveCfg = Release|x86
		{DE1263FE-0738-4562-810A-4360C696A171}.Release|x86.Build.0 = Release|x86
	EndGlobalSection
	GlobalSection(MonoDevelopProperties) = preSolution
		Policies = $0
		$0.DotNetNamingPolicy = $1
		$1.DirectoryNamespaceAssociation = Hierarchical
		$1.ResourceNamePolicy = FileFormatDefault
	EndGlobalSection
EndGlobal
