
Microsoft Visual Studio Solution File, Format Version 12.00
# Visual Studio 2012
Project("{FAE04EC0-301F-11D3-BF4B-00C04F79EFBC}") = "HESOYAM_Production", "HESOYAM_Production\HESOYAM_Production.csproj", "{DE1263FE-0738-4562-810A-4360C696A171}"
EndProject
Project("{FAE04EC0-301F-11D3-BF4B-00C04F79EFBC}") = "AnimationPipeline", "AnimationPipeline\AnimationPipeline.csproj", "{501C8626-471E-41DB-969D-BA65604B36B1}"
EndProject
Project("{2150E333-8FDC-42A3-9474-1A3956D46DE8}") = "Solution Items", "Solution Items", "{4283C410-FA95-4C88-808E-FCF96AD6D7D9}"
EndProject
Project("{FAE04EC0-301F-11D3-BF4B-00C04F79EFBC}") = "InfinitespaceStudios.Pipeline", "InfinitespaceStudios.Pipeline\InfinitespaceStudios.Pipeline.csproj", "{33C83BF8-CB58-4031-B029-2F8B9686EE81}"
EndProject
Project("{FAE04EC0-301F-11D3-BF4B-00C04F79EFBC}") = "Test", "Test\Test.csproj", "{F88D9599-EF9C-4547-ABDC-CADA55CCDCC9}"
EndProject
Global
	GlobalSection(SolutionConfigurationPlatforms) = preSolution
		Debug|x86 = Debug|x86
		Release|x86 = Release|x86
	EndGlobalSection
	GlobalSection(ProjectConfigurationPlatforms) = postSolution
		{33C83BF8-CB58-4031-B029-2F8B9686EE81}.Debug|x86.ActiveCfg = Debug|Any CPU
		{33C83BF8-CB58-4031-B029-2F8B9686EE81}.Debug|x86.Build.0 = Debug|Any CPU
		{33C83BF8-CB58-4031-B029-2F8B9686EE81}.Release|x86.ActiveCfg = Release|Any CPU
		{33C83BF8-CB58-4031-B029-2F8B9686EE81}.Release|x86.Build.0 = Release|Any CPU
		{501C8626-471E-41DB-969D-BA65604B36B1}.Debug|x86.ActiveCfg = Debug|Any CPU
		{501C8626-471E-41DB-969D-BA65604B36B1}.Debug|x86.Build.0 = Debug|Any CPU
		{501C8626-471E-41DB-969D-BA65604B36B1}.Release|x86.ActiveCfg = Release|Any CPU
		{501C8626-471E-41DB-969D-BA65604B36B1}.Release|x86.Build.0 = Release|Any CPU
		{DE1263FE-0738-4562-810A-4360C696A171}.Debug|x86.ActiveCfg = Debug|x86
		{DE1263FE-0738-4562-810A-4360C696A171}.Debug|x86.Build.0 = Debug|x86
		{DE1263FE-0738-4562-810A-4360C696A171}.Release|x86.ActiveCfg = Release|x86
		{DE1263FE-0738-4562-810A-4360C696A171}.Release|x86.Build.0 = Release|x86
		{F88D9599-EF9C-4547-ABDC-CADA55CCDCC9}.Debug|x86.ActiveCfg = Debug|x86
		{F88D9599-EF9C-4547-ABDC-CADA55CCDCC9}.Debug|x86.Build.0 = Debug|x86
		{F88D9599-EF9C-4547-ABDC-CADA55CCDCC9}.Release|x86.ActiveCfg = Release|x86
		{F88D9599-EF9C-4547-ABDC-CADA55CCDCC9}.Release|x86.Build.0 = Release|x86
	EndGlobalSection
	GlobalSection(NestedProjects) = preSolution
	EndGlobalSection
	GlobalSection(MonoDevelopProperties) = preSolution
		Policies = $0
		$0.DotNetNamingPolicy = $1
		$1.DirectoryNamespaceAssociation = Hierarchical
		$1.ResourceNamePolicy = FileFormatDefault
		$0.TextStylePolicy = $2
		$2.FileWidth = 120
		$2.inheritsSet = VisualStudio
		$2.inheritsScope = text/plain
		$2.scope = text/x-csharp
		$0.CSharpFormattingPolicy = $3
		$3.IndentSwitchBody = True
		$3.EventBraceStyle = NextLine
		$3.BeforeMethodDeclarationParentheses = False
		$3.BeforeMethodCallParentheses = False
		$3.BeforeConstructorDeclarationParentheses = False
		$3.NewLineBeforeConstructorInitializerColon = SameLine
		$3.NewLineAfterConstructorInitializerColon = SameLine
		$3.BeforeIndexerDeclarationBracket = False
		$3.BeforeDelegateDeclarationParentheses = False
		$3.AfterDelegateDeclarationParameterComma = True
		$3.NewParentheses = False
		$3.LockParentheses = False
		$3.UsingParentheses = False
		$3.SpacesBeforeBrackets = False
		$3.SpacesAfterTypecast = True
		$3.BlankLinesBeforeUsings = 1
		$3.BlankLinesBeforeFirstDeclaration = 1
		$3.MethodCallArgumentWrapping = WrapIfTooLong
		$3.MethodDeclarationParameterWrapping = WrapIfTooLong
		$3.AlignToFirstMethodDeclarationParameter = False
		$3.IndexerDeclarationParameterWrapping = WrapIfTooLong
		$3.AlignToFirstIndexerDeclarationParameter = False
		$3.IndexerArgumentWrapping = WrapIfTooLong
		$3.inheritsSet = Mono
		$3.inheritsScope = text/x-csharp
		$3.scope = text/x-csharp
	EndGlobalSection
EndGlobal
